
Microsoft Visual Studio Solution File, Format Version 12.00
# Visual Studio Version 17
VisualStudioVersion = 17.2.32602.215
MinimumVisualStudioVersion = 10.0.40219.1
Project("{FAE04EC0-301F-11D3-BF4B-00C04F79EFBC}") = "GeekComics.Domain", "GeekComics.Domain\GeekComics.Domain.csproj", "{CD29CDD6-49D0-4A8D-8CEE-C40A00467963}"
EndProject
Project("{FAE04EC0-301F-11D3-BF4B-00C04F79EFBC}") = "GeekComics.EntityFramework", "GeekComics.EntityFramework\GeekComics.EntityFramework.csproj", "{E1923F0F-B5A5-4BF0-8F55-AF5C07C5B111}"
EndProject
Project("{FAE04EC0-301F-11D3-BF4B-00C04F79EFBC}") = "GeekComics.WPF", "GeekComics.WPF\GeekComics.WPF.csproj", "{28213097-7D88-46BD-86FC-A359541422D2}"
EndProject
Global
	GlobalSection(SolutionConfigurationPlatforms) = preSolution
		Debug|Any CPU = Debug|Any CPU
		Release|Any CPU = Release|Any CPU
	EndGlobalSection
	GlobalSection(ProjectConfigurationPlatforms) = postSolution
		{CD29CDD6-49D0-4A8D-8CEE-C40A00467963}.Debug|Any CPU.ActiveCfg = Debug|Any CPU
		{CD29CDD6-49D0-4A8D-8CEE-C40A00467963}.Debug|Any CPU.Build.0 = Debug|Any CPU
		{CD29CDD6-49D0-4A8D-8CEE-C40A00467963}.Release|Any CPU.ActiveCfg = Release|Any CPU
		{CD29CDD6-49D0-4A8D-8CEE-C40A00467963}.Release|Any CPU.Build.0 = Release|Any CPU
		{E1923F0F-B5A5-4BF0-8F55-AF5C07C5B111}.Debug|Any CPU.ActiveCfg = Debug|Any CPU
		{E1923F0F-B5A5-4BF0-8F55-AF5C07C5B111}.Debug|Any CPU.Build.0 = Debug|Any CPU
		{E1923F0F-B5A5-4BF0-8F55-AF5C07C5B111}.Release|Any CPU.ActiveCfg = Release|Any CPU
		{E1923F0F-B5A5-4BF0-8F55-AF5C07C5B111}.Release|Any CPU.Build.0 = Release|Any CPU
		{28213097-7D88-46BD-86FC-A359541422D2}.Debug|Any CPU.ActiveCfg = Debug|Any CPU
		{28213097-7D88-46BD-86FC-A359541422D2}.Debug|Any CPU.Build.0 = Debug|Any CPU
		{28213097-7D88-46BD-86FC-A359541422D2}.Release|Any CPU.ActiveCfg = Release|Any CPU
		{28213097-7D88-46BD-86FC-A359541422D2}.Release|Any CPU.Build.0 = Release|Any CPU
	EndGlobalSection
	GlobalSection(SolutionProperties) = preSolution
		HideSolutionNode = FALSE
	EndGlobalSection
	GlobalSection(ExtensibilityGlobals) = postSolution
		SolutionGuid = {661E3B89-BF85-409F-89D3-420B4E7ED609}
	EndGlobalSection
EndGlobal
